// !$*UTF8*$!
{
	archiveVersion = 1;
	classes = {
	};
	objectVersion = 55;
	objects = {

/* Begin PBXBuildFile section */
		3E88492F2824E3C600AA4BFF /* TrapTrackerAW WatchKit App.app in Embed Watch Content */ = {isa = PBXBuildFile; fileRef = 3E88492E2824E3C600AA4BFF /* TrapTrackerAW WatchKit App.app */; settings = {ATTRIBUTES = (RemoveHeadersOnCopy, ); }; };
		3E8849342824E3C800AA4BFF /* Assets.xcassets in Resources */ = {isa = PBXBuildFile; fileRef = 3E8849332824E3C800AA4BFF /* Assets.xcassets */; };
		3E88493A2824E3C800AA4BFF /* TrapTrackerAW WatchKit Extension.appex in Embed App Extensions */ = {isa = PBXBuildFile; fileRef = 3E8849392824E3C800AA4BFF /* TrapTrackerAW WatchKit Extension.appex */; settings = {ATTRIBUTES = (RemoveHeadersOnCopy, ); }; };
		3E88493F2824E3C800AA4BFF /* TrapTrackerAWApp.swift in Sources */ = {isa = PBXBuildFile; fileRef = 3E88493E2824E3C800AA4BFF /* TrapTrackerAWApp.swift */; };
		3E8849412824E3C800AA4BFF /* ContentView.swift in Sources */ = {isa = PBXBuildFile; fileRef = 3E8849402824E3C800AA4BFF /* ContentView.swift */; };
		3E8849432824E3C800AA4BFF /* NotificationController.swift in Sources */ = {isa = PBXBuildFile; fileRef = 3E8849422824E3C800AA4BFF /* NotificationController.swift */; };
		3E8849452824E3C800AA4BFF /* NotificationView.swift in Sources */ = {isa = PBXBuildFile; fileRef = 3E8849442824E3C800AA4BFF /* NotificationView.swift */; };
		3E8849472824E3C800AA4BFF /* ComplicationController.swift in Sources */ = {isa = PBXBuildFile; fileRef = 3E8849462824E3C800AA4BFF /* ComplicationController.swift */; };
		3E8849492824E3C900AA4BFF /* Assets.xcassets in Resources */ = {isa = PBXBuildFile; fileRef = 3E8849482824E3C900AA4BFF /* Assets.xcassets */; };
		3E88494C2824E3C900AA4BFF /* Preview Assets.xcassets in Resources */ = {isa = PBXBuildFile; fileRef = 3E88494B2824E3C900AA4BFF /* Preview Assets.xcassets */; };
/* End PBXBuildFile section */

/* Begin PBXContainerItemProxy section */
		3E8849302824E3C600AA4BFF /* PBXContainerItemProxy */ = {
			isa = PBXContainerItemProxy;
			containerPortal = 3E8849242824E3C600AA4BFF /* Project object */;
			proxyType = 1;
			remoteGlobalIDString = 3E88492D2824E3C600AA4BFF;
			remoteInfo = "TrapTrackerAW WatchKit App";
		};
		3E88493B2824E3C800AA4BFF /* PBXContainerItemProxy */ = {
			isa = PBXContainerItemProxy;
			containerPortal = 3E8849242824E3C600AA4BFF /* Project object */;
			proxyType = 1;
			remoteGlobalIDString = 3E8849382824E3C800AA4BFF;
			remoteInfo = "TrapTrackerAW WatchKit Extension";
		};
/* End PBXContainerItemProxy section */

/* Begin PBXCopyFilesBuildPhase section */
		3E8849542824E3C900AA4BFF /* Embed App Extensions */ = {
			isa = PBXCopyFilesBuildPhase;
			buildActionMask = 2147483647;
			dstPath = "";
			dstSubfolderSpec = 13;
			files = (
				3E88493A2824E3C800AA4BFF /* TrapTrackerAW WatchKit Extension.appex in Embed App Extensions */,
			);
			name = "Embed App Extensions";
			runOnlyForDeploymentPostprocessing = 0;
		};
		3E8849582824E3C900AA4BFF /* Embed Watch Content */ = {
			isa = PBXCopyFilesBuildPhase;
			buildActionMask = 2147483647;
			dstPath = "$(CONTENTS_FOLDER_PATH)/Watch";
			dstSubfolderSpec = 16;
			files = (
				3E88492F2824E3C600AA4BFF /* TrapTrackerAW WatchKit App.app in Embed Watch Content */,
			);
			name = "Embed Watch Content";
			runOnlyForDeploymentPostprocessing = 0;
		};
/* End PBXCopyFilesBuildPhase section */

/* Begin PBXFileReference section */
		3E88492A2824E3C600AA4BFF /* TrapTrackerAW.app */ = {isa = PBXFileReference; explicitFileType = wrapper.application; includeInIndex = 0; path = TrapTrackerAW.app; sourceTree = BUILT_PRODUCTS_DIR; };
		3E88492E2824E3C600AA4BFF /* TrapTrackerAW WatchKit App.app */ = {isa = PBXFileReference; explicitFileType = wrapper.application; includeInIndex = 0; path = "TrapTrackerAW WatchKit App.app"; sourceTree = BUILT_PRODUCTS_DIR; };
		3E8849332824E3C800AA4BFF /* Assets.xcassets */ = {isa = PBXFileReference; lastKnownFileType = folder.assetcatalog; path = Assets.xcassets; sourceTree = "<group>"; };
		3E8849392824E3C800AA4BFF /* TrapTrackerAW WatchKit Extension.appex */ = {isa = PBXFileReference; explicitFileType = "wrapper.app-extension"; includeInIndex = 0; path = "TrapTrackerAW WatchKit Extension.appex"; sourceTree = BUILT_PRODUCTS_DIR; };
		3E88493E2824E3C800AA4BFF /* TrapTrackerAWApp.swift */ = {isa = PBXFileReference; lastKnownFileType = sourcecode.swift; path = TrapTrackerAWApp.swift; sourceTree = "<group>"; };
		3E8849402824E3C800AA4BFF /* ContentView.swift */ = {isa = PBXFileReference; lastKnownFileType = sourcecode.swift; path = ContentView.swift; sourceTree = "<group>"; };
		3E8849422824E3C800AA4BFF /* NotificationController.swift */ = {isa = PBXFileReference; lastKnownFileType = sourcecode.swift; path = NotificationController.swift; sourceTree = "<group>"; };
		3E8849442824E3C800AA4BFF /* NotificationView.swift */ = {isa = PBXFileReference; lastKnownFileType = sourcecode.swift; path = NotificationView.swift; sourceTree = "<group>"; };
		3E8849462824E3C800AA4BFF /* ComplicationController.swift */ = {isa = PBXFileReference; lastKnownFileType = sourcecode.swift; path = ComplicationController.swift; sourceTree = "<group>"; };
		3E8849482824E3C900AA4BFF /* Assets.xcassets */ = {isa = PBXFileReference; lastKnownFileType = folder.assetcatalog; path = Assets.xcassets; sourceTree = "<group>"; };
		3E88494B2824E3C900AA4BFF /* Preview Assets.xcassets */ = {isa = PBXFileReference; lastKnownFileType = folder.assetcatalog; path = "Preview Assets.xcassets"; sourceTree = "<group>"; };
		3E88494D2824E3C900AA4BFF /* Info.plist */ = {isa = PBXFileReference; lastKnownFileType = text.plist.xml; path = Info.plist; sourceTree = "<group>"; };
		3E88494E2824E3C900AA4BFF /* PushNotificationPayload.apns */ = {isa = PBXFileReference; lastKnownFileType = text; path = PushNotificationPayload.apns; sourceTree = "<group>"; };
/* End PBXFileReference section */

/* Begin PBXFrameworksBuildPhase section */
		3E8849362824E3C800AA4BFF /* Frameworks */ = {
			isa = PBXFrameworksBuildPhase;
			buildActionMask = 2147483647;
			files = (
			);
			runOnlyForDeploymentPostprocessing = 0;
		};
/* End PBXFrameworksBuildPhase section */

/* Begin PBXGroup section */
		3E8849232824E3C600AA4BFF = {
			isa = PBXGroup;
			children = (
				3E8849322824E3C600AA4BFF /* TrapTrackerAW WatchKit App */,
				3E88493D2824E3C800AA4BFF /* TrapTrackerAW WatchKit Extension */,
				3E88492B2824E3C600AA4BFF /* Products */,
			);
			sourceTree = "<group>";
		};
		3E88492B2824E3C600AA4BFF /* Products */ = {
			isa = PBXGroup;
			children = (
				3E88492A2824E3C600AA4BFF /* TrapTrackerAW.app */,
				3E88492E2824E3C600AA4BFF /* TrapTrackerAW WatchKit App.app */,
				3E8849392824E3C800AA4BFF /* TrapTrackerAW WatchKit Extension.appex */,
			);
			name = Products;
			sourceTree = "<group>";
		};
		3E8849322824E3C600AA4BFF /* TrapTrackerAW WatchKit App */ = {
			isa = PBXGroup;
			children = (
				3E8849332824E3C800AA4BFF /* Assets.xcassets */,
			);
			path = "TrapTrackerAW WatchKit App";
			sourceTree = "<group>";
		};
		3E88493D2824E3C800AA4BFF /* TrapTrackerAW WatchKit Extension */ = {
			isa = PBXGroup;
			children = (
				3E88493E2824E3C800AA4BFF /* TrapTrackerAWApp.swift */,
				3E8849402824E3C800AA4BFF /* ContentView.swift */,
				3E8849422824E3C800AA4BFF /* NotificationController.swift */,
				3E8849442824E3C800AA4BFF /* NotificationView.swift */,
				3E8849462824E3C800AA4BFF /* ComplicationController.swift */,
				3E8849482824E3C900AA4BFF /* Assets.xcassets */,
				3E88494D2824E3C900AA4BFF /* Info.plist */,
				3E88494E2824E3C900AA4BFF /* PushNotificationPayload.apns */,
				3E88494A2824E3C900AA4BFF /* Preview Content */,
			);
			path = "TrapTrackerAW WatchKit Extension";
			sourceTree = "<group>";
		};
		3E88494A2824E3C900AA4BFF /* Preview Content */ = {
			isa = PBXGroup;
			children = (
				3E88494B2824E3C900AA4BFF /* Preview Assets.xcassets */,
			);
			path = "Preview Content";
			sourceTree = "<group>";
		};
/* End PBXGroup section */

/* Begin PBXNativeTarget section */
		3E8849292824E3C600AA4BFF /* TrapTrackerAW */ = {
			isa = PBXNativeTarget;
			buildConfigurationList = 3E8849592824E3C900AA4BFF /* Build configuration list for PBXNativeTarget "TrapTrackerAW" */;
			buildPhases = (
				3E8849282824E3C600AA4BFF /* Resources */,
				3E8849582824E3C900AA4BFF /* Embed Watch Content */,
			);
			buildRules = (
			);
			dependencies = (
				3E8849312824E3C600AA4BFF /* PBXTargetDependency */,
			);
			name = TrapTrackerAW;
			productName = TrapTrackerAW;
			productReference = 3E88492A2824E3C600AA4BFF /* TrapTrackerAW.app */;
			productType = "com.apple.product-type.application.watchapp2-container";
		};
		3E88492D2824E3C600AA4BFF /* TrapTrackerAW WatchKit App */ = {
			isa = PBXNativeTarget;
			buildConfigurationList = 3E8849552824E3C900AA4BFF /* Build configuration list for PBXNativeTarget "TrapTrackerAW WatchKit App" */;
			buildPhases = (
				3E88492C2824E3C600AA4BFF /* Resources */,
				3E8849542824E3C900AA4BFF /* Embed App Extensions */,
			);
			buildRules = (
			);
			dependencies = (
				3E88493C2824E3C800AA4BFF /* PBXTargetDependency */,
			);
			name = "TrapTrackerAW WatchKit App";
			productName = "TrapTrackerAW WatchKit App";
			productReference = 3E88492E2824E3C600AA4BFF /* TrapTrackerAW WatchKit App.app */;
			productType = "com.apple.product-type.application.watchapp2";
		};
		3E8849382824E3C800AA4BFF /* TrapTrackerAW WatchKit Extension */ = {
			isa = PBXNativeTarget;
			buildConfigurationList = 3E8849512824E3C900AA4BFF /* Build configuration list for PBXNativeTarget "TrapTrackerAW WatchKit Extension" */;
			buildPhases = (
				3E8849352824E3C800AA4BFF /* Sources */,
				3E8849362824E3C800AA4BFF /* Frameworks */,
				3E8849372824E3C800AA4BFF /* Resources */,
			);
			buildRules = (
			);
			dependencies = (
			);
			name = "TrapTrackerAW WatchKit Extension";
			productName = "TrapTrackerAW WatchKit Extension";
			productReference = 3E8849392824E3C800AA4BFF /* TrapTrackerAW WatchKit Extension.appex */;
			productType = "com.apple.product-type.watchkit2-extension";
		};
/* End PBXNativeTarget section */

/* Begin PBXProject section */
		3E8849242824E3C600AA4BFF /* Project object */ = {
			isa = PBXProject;
			attributes = {
				BuildIndependentTargetsInParallel = 1;
				LastSwiftUpdateCheck = 1330;
				LastUpgradeCheck = 1330;
				TargetAttributes = {
					3E8849292824E3C600AA4BFF = {
						CreatedOnToolsVersion = 13.3.1;
					};
					3E88492D2824E3C600AA4BFF = {
						CreatedOnToolsVersion = 13.3.1;
					};
					3E8849382824E3C800AA4BFF = {
						CreatedOnToolsVersion = 13.3.1;
					};
				};
			};
			buildConfigurationList = 3E8849272824E3C600AA4BFF /* Build configuration list for PBXProject "TrapTrackerAW" */;
			compatibilityVersion = "Xcode 13.0";
			developmentRegion = en;
			hasScannedForEncodings = 0;
			knownRegions = (
				en,
				Base,
			);
			mainGroup = 3E8849232824E3C600AA4BFF;
			productRefGroup = 3E88492B2824E3C600AA4BFF /* Products */;
			projectDirPath = "";
			projectRoot = "";
			targets = (
				3E8849292824E3C600AA4BFF /* TrapTrackerAW */,
				3E88492D2824E3C600AA4BFF /* TrapTrackerAW WatchKit App */,
				3E8849382824E3C800AA4BFF /* TrapTrackerAW WatchKit Extension */,
			);
		};
/* End PBXProject section */

/* Begin PBXResourcesBuildPhase section */
		3E8849282824E3C600AA4BFF /* Resources */ = {
			isa = PBXResourcesBuildPhase;
			buildActionMask = 2147483647;
			files = (
			);
			runOnlyForDeploymentPostprocessing = 0;
		};
		3E88492C2824E3C600AA4BFF /* Resources */ = {
			isa = PBXResourcesBuildPhase;
			buildActionMask = 2147483647;
			files = (
				3E8849342824E3C800AA4BFF /* Assets.xcassets in Resources */,
			);
			runOnlyForDeploymentPostprocessing = 0;
		};
		3E8849372824E3C800AA4BFF /* Resources */ = {
			isa = PBXResourcesBuildPhase;
			buildActionMask = 2147483647;
			files = (
				3E88494C2824E3C900AA4BFF /* Preview Assets.xcassets in Resources */,
				3E8849492824E3C900AA4BFF /* Assets.xcassets in Resources */,
			);
			runOnlyForDeploymentPostprocessing = 0;
		};
/* End PBXResourcesBuildPhase section */

/* Begin PBXSourcesBuildPhase section */
		3E8849352824E3C800AA4BFF /* Sources */ = {
			isa = PBXSourcesBuildPhase;
			buildActionMask = 2147483647;
			files = (
				3E8849432824E3C800AA4BFF /* NotificationController.swift in Sources */,
				3E8849412824E3C800AA4BFF /* ContentView.swift in Sources */,
				3E8849472824E3C800AA4BFF /* ComplicationController.swift in Sources */,
				3E88493F2824E3C800AA4BFF /* TrapTrackerAWApp.swift in Sources */,
				3E8849452824E3C800AA4BFF /* NotificationView.swift in Sources */,
			);
			runOnlyForDeploymentPostprocessing = 0;
		};
/* End PBXSourcesBuildPhase section */

/* Begin PBXTargetDependency section */
		3E8849312824E3C600AA4BFF /* PBXTargetDependency */ = {
			isa = PBXTargetDependency;
			target = 3E88492D2824E3C600AA4BFF /* TrapTrackerAW WatchKit App */;
			targetProxy = 3E8849302824E3C600AA4BFF /* PBXContainerItemProxy */;
		};
		3E88493C2824E3C800AA4BFF /* PBXTargetDependency */ = {
			isa = PBXTargetDependency;
			target = 3E8849382824E3C800AA4BFF /* TrapTrackerAW WatchKit Extension */;
			targetProxy = 3E88493B2824E3C800AA4BFF /* PBXContainerItemProxy */;
		};
/* End PBXTargetDependency section */

/* Begin XCBuildConfiguration section */
		3E88494F2824E3C900AA4BFF /* Debug */ = {
			isa = XCBuildConfiguration;
			buildSettings = {
				ALWAYS_SEARCH_USER_PATHS = NO;
				CLANG_ANALYZER_NONNULL = YES;
				CLANG_ANALYZER_NUMBER_OBJECT_CONVERSION = YES_AGGRESSIVE;
				CLANG_CXX_LANGUAGE_STANDARD = "gnu++17";
				CLANG_ENABLE_MODULES = YES;
				CLANG_ENABLE_OBJC_ARC = YES;
				CLANG_ENABLE_OBJC_WEAK = YES;
				CLANG_WARN_BLOCK_CAPTURE_AUTORELEASING = YES;
				CLANG_WARN_BOOL_CONVERSION = YES;
				CLANG_WARN_COMMA = YES;
				CLANG_WARN_CONSTANT_CONVERSION = YES;
				CLANG_WARN_DEPRECATED_OBJC_IMPLEMENTATIONS = YES;
				CLANG_WARN_DIRECT_OBJC_ISA_USAGE = YES_ERROR;
				CLANG_WARN_DOCUMENTATION_COMMENTS = YES;
				CLANG_WARN_EMPTY_BODY = YES;
				CLANG_WARN_ENUM_CONVERSION = YES;
				CLANG_WARN_INFINITE_RECURSION = YES;
				CLANG_WARN_INT_CONVERSION = YES;
				CLANG_WARN_NON_LITERAL_NULL_CONVERSION = YES;
				CLANG_WARN_OBJC_IMPLICIT_RETAIN_SELF = YES;
				CLANG_WARN_OBJC_LITERAL_CONVERSION = YES;
				CLANG_WARN_OBJC_ROOT_CLASS = YES_ERROR;
				CLANG_WARN_QUOTED_INCLUDE_IN_FRAMEWORK_HEADER = YES;
				CLANG_WARN_RANGE_LOOP_ANALYSIS = YES;
				CLANG_WARN_STRICT_PROTOTYPES = YES;
				CLANG_WARN_SUSPICIOUS_MOVE = YES;
				CLANG_WARN_UNGUARDED_AVAILABILITY = YES_AGGRESSIVE;
				CLANG_WARN_UNREACHABLE_CODE = YES;
				CLANG_WARN__DUPLICATE_METHOD_MATCH = YES;
				COPY_PHASE_STRIP = NO;
				DEBUG_INFORMATION_FORMAT = dwarf;
				ENABLE_STRICT_OBJC_MSGSEND = YES;
				ENABLE_TESTABILITY = YES;
				GCC_C_LANGUAGE_STANDARD = gnu11;
				GCC_DYNAMIC_NO_PIC = NO;
				GCC_NO_COMMON_BLOCKS = YES;
				GCC_OPTIMIZATION_LEVEL = 0;
				GCC_PREPROCESSOR_DEFINITIONS = (
					"DEBUG=1",
					"$(inherited)",
				);
				GCC_WARN_64_TO_32_BIT_CONVERSION = YES;
				GCC_WARN_ABOUT_RETURN_TYPE = YES_ERROR;
				GCC_WARN_UNDECLARED_SELECTOR = YES;
				GCC_WARN_UNINITIALIZED_AUTOS = YES_AGGRESSIVE;
				GCC_WARN_UNUSED_FUNCTION = YES;
				GCC_WARN_UNUSED_VARIABLE = YES;
				MTL_ENABLE_DEBUG_INFO = INCLUDE_SOURCE;
				MTL_FAST_MATH = YES;
				ONLY_ACTIVE_ARCH = YES;
				SDKROOT = iphoneos;
				SWIFT_ACTIVE_COMPILATION_CONDITIONS = DEBUG;
				SWIFT_OPTIMIZATION_LEVEL = "-Onone";
			};
			name = Debug;
		};
		3E8849502824E3C900AA4BFF /* Release */ = {
			isa = XCBuildConfiguration;
			buildSettings = {
				ALWAYS_SEARCH_USER_PATHS = NO;
				CLANG_ANALYZER_NONNULL = YES;
				CLANG_ANALYZER_NUMBER_OBJECT_CONVERSION = YES_AGGRESSIVE;
				CLANG_CXX_LANGUAGE_STANDARD = "gnu++17";
				CLANG_ENABLE_MODULES = YES;
				CLANG_ENABLE_OBJC_ARC = YES;
				CLANG_ENABLE_OBJC_WEAK = YES;
				CLANG_WARN_BLOCK_CAPTURE_AUTORELEASING = YES;
				CLANG_WARN_BOOL_CONVERSION = YES;
				CLANG_WARN_COMMA = YES;
				CLANG_WARN_CONSTANT_CONVERSION = YES;
				CLANG_WARN_DEPRECATED_OBJC_IMPLEMENTATIONS = YES;
				CLANG_WARN_DIRECT_OBJC_ISA_USAGE = YES_ERROR;
				CLANG_WARN_DOCUMENTATION_COMMENTS = YES;
				CLANG_WARN_EMPTY_BODY = YES;
				CLANG_WARN_ENUM_CONVERSION = YES;
				CLANG_WARN_INFINITE_RECURSION = YES;
				CLANG_WARN_INT_CONVERSION = YES;
				CLANG_WARN_NON_LITERAL_NULL_CONVERSION = YES;
				CLANG_WARN_OBJC_IMPLICIT_RETAIN_SELF = YES;
				CLANG_WARN_OBJC_LITERAL_CONVERSION = YES;
				CLANG_WARN_OBJC_ROOT_CLASS = YES_ERROR;
				CLANG_WARN_QUOTED_INCLUDE_IN_FRAMEWORK_HEADER = YES;
				CLANG_WARN_RANGE_LOOP_ANALYSIS = YES;
				CLANG_WARN_STRICT_PROTOTYPES = YES;
				CLANG_WARN_SUSPICIOUS_MOVE = YES;
				CLANG_WARN_UNGUARDED_AVAILABILITY = YES_AGGRESSIVE;
				CLANG_WARN_UNREACHABLE_CODE = YES;
				CLANG_WARN__DUPLICATE_METHOD_MATCH = YES;
				COPY_PHASE_STRIP = NO;
				DEBUG_INFORMATION_FORMAT = "dwarf-with-dsym";
				ENABLE_NS_ASSERTIONS = NO;
				ENABLE_STRICT_OBJC_MSGSEND = YES;
				GCC_C_LANGUAGE_STANDARD = gnu11;
				GCC_NO_COMMON_BLOCKS = YES;
				GCC_WARN_64_TO_32_BIT_CONVERSION = YES;
				GCC_WARN_ABOUT_RETURN_TYPE = YES_ERROR;
				GCC_WARN_UNDECLARED_SELECTOR = YES;
				GCC_WARN_UNINITIALIZED_AUTOS = YES_AGGRESSIVE;
				GCC_WARN_UNUSED_FUNCTION = YES;
				GCC_WARN_UNUSED_VARIABLE = YES;
				MTL_ENABLE_DEBUG_INFO = NO;
				MTL_FAST_MATH = YES;
				SDKROOT = iphoneos;
				SWIFT_COMPILATION_MODE = wholemodule;
				SWIFT_OPTIMIZATION_LEVEL = "-O";
				VALIDATE_PRODUCT = YES;
			};
			name = Release;
		};
		3E8849522824E3C900AA4BFF /* Debug */ = {
			isa = XCBuildConfiguration;
			buildSettings = {
				ASSETCATALOG_COMPILER_COMPLICATION_NAME = Complication;
				CODE_SIGN_STYLE = Automatic;
				CURRENT_PROJECT_VERSION = 1;
				DEVELOPMENT_ASSET_PATHS = "\"TrapTrackerAW WatchKit Extension/Preview Content\"";
				DEVELOPMENT_TEAM = CM53CRQF5E;
				ENABLE_PREVIEWS = YES;
				GENERATE_INFOPLIST_FILE = YES;
				INFOPLIST_FILE = "TrapTrackerAW WatchKit Extension/Info.plist";
				INFOPLIST_KEY_CFBundleDisplayName = "TrapTrackerAW WatchKit Extension";
				INFOPLIST_KEY_CLKComplicationPrincipalClass = "$(PRODUCT_MODULE_NAME).ComplicationController";
				INFOPLIST_KEY_NSHumanReadableCopyright = "";
				INFOPLIST_KEY_WKWatchOnly = YES;
				LD_RUNPATH_SEARCH_PATHS = (
					"$(inherited)",
					"@executable_path/Frameworks",
					"@executable_path/../../Frameworks",
				);
				MARKETING_VERSION = 1.0;
				PRODUCT_BUNDLE_IDENTIFIER = com.doxiedavis.TrapTrackerAW.watchkitapp.watchkitextension;
				PRODUCT_NAME = "${TARGET_NAME}";
				SDKROOT = watchos;
				SKIP_INSTALL = YES;
				SWIFT_EMIT_LOC_STRINGS = YES;
				SWIFT_VERSION = 5.0;
				TARGETED_DEVICE_FAMILY = 4;
				WATCHOS_DEPLOYMENT_TARGET = 8.5;
			};
			name = Debug;
		};
		3E8849532824E3C900AA4BFF /* Release */ = {
			isa = XCBuildConfiguration;
			buildSettings = {
				ASSETCATALOG_COMPILER_COMPLICATION_NAME = Complication;
				CODE_SIGN_STYLE = Automatic;
				CURRENT_PROJECT_VERSION = 1;
				DEVELOPMENT_ASSET_PATHS = "\"TrapTrackerAW WatchKit Extension/Preview Content\"";
				DEVELOPMENT_TEAM = CM53CRQF5E;
				ENABLE_PREVIEWS = YES;
				GENERATE_INFOPLIST_FILE = YES;
				INFOPLIST_FILE = "TrapTrackerAW WatchKit Extension/Info.plist";
				INFOPLIST_KEY_CFBundleDisplayName = "TrapTrackerAW WatchKit Extension";
				INFOPLIST_KEY_CLKComplicationPrincipalClass = "$(PRODUCT_MODULE_NAME).ComplicationController";
				INFOPLIST_KEY_NSHumanReadableCopyright = "";
				INFOPLIST_KEY_WKWatchOnly = YES;
				LD_RUNPATH_SEARCH_PATHS = (
					"$(inherited)",
					"@executable_path/Frameworks",
					"@executable_path/../../Frameworks",
				);
				MARKETING_VERSION = 1.0;
				PRODUCT_BUNDLE_IDENTIFIER = com.doxiedavis.TrapTrackerAW.watchkitapp.watchkitextension;
				PRODUCT_NAME = "${TARGET_NAME}";
				SDKROOT = watchos;
				SKIP_INSTALL = YES;
				SWIFT_EMIT_LOC_STRINGS = YES;
				SWIFT_VERSION = 5.0;
				TARGETED_DEVICE_FAMILY = 4;
				WATCHOS_DEPLOYMENT_TARGET = 8.5;
			};
			name = Release;
		};
		3E8849562824E3C900AA4BFF /* Debug */ = {
			isa = XCBuildConfiguration;
			buildSettings = {
				ALWAYS_EMBED_SWIFT_STANDARD_LIBRARIES = YES;
				ASSETCATALOG_COMPILER_APPICON_NAME = AppIcon;
				ASSETCATALOG_COMPILER_GLOBAL_ACCENT_COLOR_NAME = AccentColor;
				CODE_SIGN_STYLE = Automatic;
				CURRENT_PROJECT_VERSION = 1;
				DEVELOPMENT_TEAM = CM53CRQF5E;
				GENERATE_INFOPLIST_FILE = YES;
				IBSC_MODULE = TrapTrackerAW_WatchKit_Extension;
				INFOPLIST_KEY_CFBundleDisplayName = "TrapTrackerAW WatchKit App";
				INFOPLIST_KEY_UISupportedInterfaceOrientations = "UIInterfaceOrientationPortrait UIInterfaceOrientationPortraitUpsideDown";
				MARKETING_VERSION = 1.0;
				PRODUCT_BUNDLE_IDENTIFIER = com.doxiedavis.TrapTrackerAW.watchkitapp;
				PRODUCT_NAME = "$(TARGET_NAME)";
				SDKROOT = watchos;
				SKIP_INSTALL = YES;
				SWIFT_EMIT_LOC_STRINGS = YES;
				SWIFT_VERSION = 5.0;
				TARGETED_DEVICE_FAMILY = 4;
				WATCHOS_DEPLOYMENT_TARGET = 8.5;
			};
			name = Debug;
		};
		3E8849572824E3C900AA4BFF /* Release */ = {
			isa = XCBuildConfiguration;
			buildSettings = {
				ALWAYS_EMBED_SWIFT_STANDARD_LIBRARIES = YES;
				ASSETCATALOG_COMPILER_APPICON_NAME = AppIcon;
				ASSETCATALOG_COMPILER_GLOBAL_ACCENT_COLOR_NAME = AccentColor;
				CODE_SIGN_STYLE = Automatic;
				CURRENT_PROJECT_VERSION = 1;
				DEVELOPMENT_TEAM = CM53CRQF5E;
				GENERATE_INFOPLIST_FILE = YES;
				IBSC_MODULE = TrapTrackerAW_WatchKit_Extension;
				INFOPLIST_KEY_CFBundleDisplayName = "TrapTrackerAW WatchKit App";
				INFOPLIST_KEY_UISupportedInterfaceOrientations = "UIInterfaceOrientationPortrait UIInterfaceOrientationPortraitUpsideDown";
				MARKETING_VERSION = 1.0;
				PRODUCT_BUNDLE_IDENTIFIER = com.doxiedavis.TrapTrackerAW.watchkitapp;
				PRODUCT_NAME = "$(TARGET_NAME)";
				SDKROOT = watchos;
				SKIP_INSTALL = YES;
				SWIFT_EMIT_LOC_STRINGS = YES;
				SWIFT_VERSION = 5.0;
				TARGETED_DEVICE_FAMILY = 4;
				WATCHOS_DEPLOYMENT_TARGET = 8.5;
			};
			name = Release;
		};
		3E88495A2824E3C900AA4BFF /* Debug */ = {
			isa = XCBuildConfiguration;
			buildSettings = {
				CODE_SIGN_STYLE = Automatic;
				CURRENT_PROJECT_VERSION = 1;
				DEVELOPMENT_TEAM = CM53CRQF5E;
				MARKETING_VERSION = 1.0;
				PRODUCT_BUNDLE_IDENTIFIER = com.doxiedavis.TrapTrackerAW;
				PRODUCT_NAME = "$(TARGET_NAME)";
				SWIFT_VERSION = 5.0;
			};
			name = Debug;
		};
		3E88495B2824E3C900AA4BFF /* Release */ = {
			isa = XCBuildConfiguration;
			buildSettings = {
				CODE_SIGN_STYLE = Automatic;
				CURRENT_PROJECT_VERSION = 1;
				DEVELOPMENT_TEAM = CM53CRQF5E;
				MARKETING_VERSION = 1.0;
				PRODUCT_BUNDLE_IDENTIFIER = com.doxiedavis.TrapTrackerAW;
				PRODUCT_NAME = "$(TARGET_NAME)";
				SWIFT_VERSION = 5.0;
			};
			name = Release;
		};
/* End XCBuildConfiguration section */

/* Begin XCConfigurationList section */
		3E8849272824E3C600AA4BFF /* Build configuration list for PBXProject "TrapTrackerAW" */ = {
			isa = XCConfigurationList;
			buildConfigurations = (
				3E88494F2824E3C900AA4BFF /* Debug */,
				3E8849502824E3C900AA4BFF /* Release */,
			);
			defaultConfigurationIsVisible = 0;
			defaultConfigurationName = Release;
		};
		3E8849512824E3C900AA4BFF /* Build configuration list for PBXNativeTarget "TrapTrackerAW WatchKit Extension" */ = {
			isa = XCConfigurationList;
			buildConfigurations = (
				3E8849522824E3C900AA4BFF /* Debug */,
				3E8849532824E3C900AA4BFF /* Release */,
			);
			defaultConfigurationIsVisible = 0;
			defaultConfigurationName = Release;
		};
		3E8849552824E3C900AA4BFF /* Build configuration list for PBXNativeTarget "TrapTrackerAW WatchKit App" */ = {
			isa = XCConfigurationList;
			buildConfigurations = (
				3E8849562824E3C900AA4BFF /* Debug */,
				3E8849572824E3C900AA4BFF /* Release */,
			);
			defaultConfigurationIsVisible = 0;
			defaultConfigurationName = Release;
		};
		3E8849592824E3C900AA4BFF /* Build configuration list for PBXNativeTarget "TrapTrackerAW" */ = {
			isa = XCConfigurationList;
			buildConfigurations = (
				3E88495A2824E3C900AA4BFF /* Debug */,
				3E88495B2824E3C900AA4BFF /* Release */,
			);
			defaultConfigurationIsVisible = 0;
			defaultConfigurationName = Release;
		};
/* End XCConfigurationList section */
	};
	rootObject = 3E8849242824E3C600AA4BFF /* Project object */;
}
